{
  "name": "testapp",
  "version": "1.0.0",
  "lockfileVersion": 1,
  "requires": true,
  "dependencies": {
    "@types/arcgis-js-api": {
      "version": "4.9.0",
      "resolved": "https://registry.npmjs.org/@types/arcgis-js-api/-/arcgis-js-api-4.9.0.tgz",
      "integrity": "sha512-UoqroutawVukJNE07XsPtb8gnghxZZUx0kHIbGzUKxxEe2mf1BfJQjuZ3RR9wnUzuD55XuPHEQiFxWGXgqo7rw=="
    },
    "@types/chai": {
      "version": "4.1.6",
      "resolved": "https://registry.npmjs.org/@types/chai/-/chai-4.1.6.tgz",
      "integrity": "sha512-CBk7KTZt3FhPsEkYioG6kuCIpWISw+YI8o+3op4+NXwTpvAPxE1ES8+PY8zfaK2L98b1z5oq03UHa4VYpeUxnw==",
      "dev": true
    },
    "@types/node": {
      "version": "10.11.4",
      "resolved": "https://registry.npmjs.org/@types/node/-/node-10.11.4.tgz",
      "integrity": "sha512-ojnbBiKkZFYRfQpmtnnWTMw+rzGp/JiystjluW9jgN3VzRwilXddJ6aGQ9V/7iuDG06SBgn7ozW9k3zcAnYjYQ=="
    },
    "dojo-typings": {
      "version": "1.11.9",
      "resolved": "https://registry.npmjs.org/dojo-typings/-/dojo-typings-1.11.9.tgz",
      "integrity": "sha512-mh8w+Mau2Y1QfTEszEAdO7j6ycNhYxF/Ing6nAk1eUg6NxjeT0viVHjICMd9sU3U463vM2G+KfBBK5grk3/Mlw==",
      "dev": true,
      "requires": {
        "@types/chai": "^4.0.4"
      }
    },
    "typescript": {
      "version": "1.8.10",
      "resolved": "http://registry.npmjs.org/typescript/-/typescript-1.8.10.tgz",
      "integrity": "sha1-tHXW4N/wv1DyluXKbvn7tccyDx4="
    },
    "typescript-require": {
      "version": "0.2.10",
      "resolved": "https://registry.npmjs.org/typescript-require/-/typescript-require-0.2.10.tgz",
      "integrity": "sha1-jI7iqnXzUwtWC4ScKSfNNpfrpo4=",
      "requires": {
        "typescript": "^1.5.3"
      }
    }
  }
}
